
Microsoft Visual Studio Solution File, Format Version 12.00
# Visual Studio 2012
Project("{FAE04EC0-301F-11D3-BF4B-00C04F79EFBC}") = "Cinema.Contract", "Cinema.Contract\Cinema.Contract.csproj", "{18F7D500-2E01-4199-9A69-78F949E1CA19}"
EndProject
Project("{FAE04EC0-301F-11D3-BF4B-00C04F79EFBC}") = "Cinema.Backend", "Cinema.Backend\Cinema.Backend.csproj", "{4B80AA1B-FAF2-4D0B-A1A7-D1B26672EE1F}"
EndProject
Project("{00D1A9C2-B5F0-4AF3-8072-F6C62B433612}") = "Cinema.Database", "Cinema.Database\Cinema.Database.sqlproj", "{7332B174-F9F6-4B6A-8A4F-9ACBC39AEA03}"
EndProject
Project("{FAE04EC0-301F-11D3-BF4B-00C04F79EFBC}") = "Cinema.Model", "Cinema.Entity\Cinema.Model.csproj", "{D16E7AF3-94AF-41A0-A5A4-B3FF41138115}"
EndProject
Global
	GlobalSection(SolutionConfigurationPlatforms) = preSolution
		Debug|Any CPU = Debug|Any CPU
		Release|Any CPU = Release|Any CPU
	EndGlobalSection
	GlobalSection(ProjectConfigurationPlatforms) = postSolution
		{18F7D500-2E01-4199-9A69-78F949E1CA19}.Debug|Any CPU.ActiveCfg = Debug|Any CPU
		{18F7D500-2E01-4199-9A69-78F949E1CA19}.Debug|Any CPU.Build.0 = Debug|Any CPU
		{18F7D500-2E01-4199-9A69-78F949E1CA19}.Release|Any CPU.ActiveCfg = Release|Any CPU
		{18F7D500-2E01-4199-9A69-78F949E1CA19}.Release|Any CPU.Build.0 = Release|Any CPU
		{4B80AA1B-FAF2-4D0B-A1A7-D1B26672EE1F}.Debug|Any CPU.ActiveCfg = Debug|Any CPU
		{4B80AA1B-FAF2-4D0B-A1A7-D1B26672EE1F}.Debug|Any CPU.Build.0 = Debug|Any CPU
		{4B80AA1B-FAF2-4D0B-A1A7-D1B26672EE1F}.Release|Any CPU.ActiveCfg = Release|Any CPU
		{4B80AA1B-FAF2-4D0B-A1A7-D1B26672EE1F}.Release|Any CPU.Build.0 = Release|Any CPU
		{7332B174-F9F6-4B6A-8A4F-9ACBC39AEA03}.Debug|Any CPU.ActiveCfg = Debug|Any CPU
		{7332B174-F9F6-4B6A-8A4F-9ACBC39AEA03}.Debug|Any CPU.Build.0 = Debug|Any CPU
		{7332B174-F9F6-4B6A-8A4F-9ACBC39AEA03}.Debug|Any CPU.Deploy.0 = Debug|Any CPU
		{7332B174-F9F6-4B6A-8A4F-9ACBC39AEA03}.Release|Any CPU.ActiveCfg = Release|Any CPU
		{7332B174-F9F6-4B6A-8A4F-9ACBC39AEA03}.Release|Any CPU.Build.0 = Release|Any CPU
		{7332B174-F9F6-4B6A-8A4F-9ACBC39AEA03}.Release|Any CPU.Deploy.0 = Release|Any CPU
		{D16E7AF3-94AF-41A0-A5A4-B3FF41138115}.Debug|Any CPU.ActiveCfg = Debug|Any CPU
		{D16E7AF3-94AF-41A0-A5A4-B3FF41138115}.Debug|Any CPU.Build.0 = Debug|Any CPU
		{D16E7AF3-94AF-41A0-A5A4-B3FF41138115}.Release|Any CPU.ActiveCfg = Release|Any CPU
		{D16E7AF3-94AF-41A0-A5A4-B3FF41138115}.Release|Any CPU.Build.0 = Release|Any CPU
	EndGlobalSection
	GlobalSection(SolutionProperties) = preSolution
		HideSolutionNode = FALSE
	EndGlobalSection
EndGlobal
